{
  "name": "@barchart/common-client-js",
  "version": "1.0.0",
  "lockfileVersion": 1,
  "requires": true,
  "dependencies": {
    "@barchart/watchlist-api-common": {
      "version": "1.1.5",
      "resolved": "https://registry.npmjs.org/@barchart/watchlist-api-common/-/watchlist-api-common-1.1.5.tgz",
      "integrity": "sha512-b+xV0CgLTR6sAeDM7MDUYf2BshI9ejuZtKqhtkE+UatFhcDdWlkZ0lApsO1ZA7zDCu6txBp9JZ2JJNKJkc0pdQ==",
      "requires": {
        "@barchart/common-js": "3.2.7"
      },
      "dependencies": {
        "@barchart/common-js": {
          "version": "3.2.7",
          "resolved": "https://registry.npmjs.org/@barchart/common-js/-/common-js-3.2.7.tgz",
          "integrity": "sha512-wr//+aojnWDQ95xqV4YkkZCUTnGVLUC6C+BRSHZ/ee5r0DAqNoK2dLyYALniTlD+ydcoiQeDKwaqA+dbKvnLZw==",
          "requires": {
            "big.js": "5.0.3",
            "moment-timezone": "0.5.11",
            "xhr": "2.3.2"
          }
        }
      }
    },
    "big.js": {
      "version": "5.0.3",
      "resolved": "https://registry.npmjs.org/big.js/-/big.js-5.0.3.tgz",
      "integrity": "sha512-av8LNZGBl4cg2r4ZhWqghJOxi2P8UCcWhdmrFgcHPMmUJ6jx1FbnyxjwL4URYzMK3QJg60qeMefQhv9G14oYKA=="
    },
    "dom-walk": {
      "version": "0.1.1",
      "resolved": "https://registry.npmjs.org/dom-walk/-/dom-walk-0.1.1.tgz",
      "integrity": "sha1-ZyIm3HTI95mtNTB9+TaroRrNYBg="
    },
    "for-each": {
      "version": "0.3.2",
      "resolved": "https://registry.npmjs.org/for-each/-/for-each-0.3.2.tgz",
      "integrity": "sha1-LEBFC5NI6X8oEyJZO6lnBLmr1NQ=",
      "requires": {
        "is-function": "1.0.1"
      }
    },
    "global": {
      "version": "4.3.2",
      "resolved": "https://registry.npmjs.org/global/-/global-4.3.2.tgz",
      "integrity": "sha1-52mJJopsdMOJCLEwWxD8DjlOnQ8=",
      "requires": {
        "min-document": "2.19.0",
        "process": "0.5.2"
      }
    },
    "is-function": {
      "version": "1.0.1",
      "resolved": "https://registry.npmjs.org/is-function/-/is-function-1.0.1.tgz",
      "integrity": "sha1-Es+5i2W1fdPRk6MSH19uL0N2ArU="
    },
    "min-document": {
      "version": "2.19.0",
      "resolved": "https://registry.npmjs.org/min-document/-/min-document-2.19.0.tgz",
      "integrity": "sha1-e9KC4/WELtKVu3SM3Z8f+iyCRoU=",
      "requires": {
        "dom-walk": "0.1.1"
      }
    },
    "moment": {
      "version": "2.20.1",
      "resolved": "https://registry.npmjs.org/moment/-/moment-2.20.1.tgz",
      "integrity": "sha512-Yh9y73JRljxW5QxN08Fner68eFLxM5ynNOAw2LbIB1YAGeQzZT8QFSUvkAz609Zf+IHhhaUxqZK8dG3W/+HEvg=="
    },
    "moment-timezone": {
      "version": "0.5.11",
      "resolved": "https://registry.npmjs.org/moment-timezone/-/moment-timezone-0.5.11.tgz",
      "integrity": "sha1-m3bAPY71FMfkJJp7vOZJ7tOe8p8=",
      "requires": {
        "moment": "2.20.1"
      }
    },
    "parse-headers": {
      "version": "2.0.1",
      "resolved": "https://registry.npmjs.org/parse-headers/-/parse-headers-2.0.1.tgz",
      "integrity": "sha1-aug6eqJanZtwCswoaYzR8e1+lTY=",
      "requires": {
        "for-each": "0.3.2",
        "trim": "0.0.1"
      }
    },
    "process": {
      "version": "0.5.2",
      "resolved": "https://registry.npmjs.org/process/-/process-0.5.2.tgz",
      "integrity": "sha1-FjjYqONML0QKkduVq5rrZ3/Bhc8="
    },
    "trim": {
      "version": "0.0.1",
      "resolved": "https://registry.npmjs.org/trim/-/trim-0.0.1.tgz",
      "integrity": "sha1-WFhUf2spB1fulczMZm+1AITEYN0="
    },
    "xhr": {
      "version": "2.3.2",
      "resolved": "https://registry.npmjs.org/xhr/-/xhr-2.3.2.tgz",
      "integrity": "sha1-hL3GwSymCxWnfL6CRCiUuPWHrnQ=",
      "requires": {
        "global": "4.3.2",
        "is-function": "1.0.1",
        "parse-headers": "2.0.1",
        "xtend": "4.0.1"
      }
    },
    "xtend": {
      "version": "4.0.1",
      "resolved": "https://registry.npmjs.org/xtend/-/xtend-4.0.1.tgz",
      "integrity": "sha1-pcbVMr5lbiPbgg77lDofBJmNY68="
    }
  }
}
